PODS:
  - Alamofire (4.5.0)
  - ScrollableGraphView (4.0.4)

DEPENDENCIES:
  - Alamofire (~> 4.4)
  - ScrollableGraphView

SPEC CHECKSUMS:
  Alamofire: f28cdffd29de33a7bfa022cbd63ae95a27fae140
  ScrollableGraphView: 072ea302f4ca27779692656a49d51fe537b2b1e7

PODFILE CHECKSUM: d23cabb947baca3b80820cefaf858677059f733e

COCOAPODS: 1.2.1
